lockfileVersion: '9.0'

settings:
  autoInstallPeers: true
  excludeLinksFromLockfile: false

importers:

  .:
    dependencies:
      jimp:
        specifier: ^1.6.0
        version: 1.6.0
    devDependencies:
      publint:
        specifier: ^0.3.15
        version: 0.3.18
      tsup:
        specifier: ^8.5.0
        version: 8.5.1(typescript@5.9.3)
      typescript:
        specifier: ^5.8.0
        version: 5.9.3

packages:

  '@esbuild/aix-ppc64@0.27.4':
    resolution: {integrity: sha512-cQPwL2mp2nSmHHJlCyoXgHGhbEPMrEEU5xhkcy3Hs/O7nGZqEpZ2sUtLaL9MORLtDfRvVl2/3PAuEkYZH0Ty8Q==}
    engines: {node: '>=18'}
    cpu: [ppc64]
    os: [aix]

  '@esbuild/android-arm64@0.27.4':
    resolution: {integrity: sha512-gdLscB7v75wRfu7QSm/zg6Rx29VLdy9eTr2t44sfTW7CxwAtQghZ4ZnqHk3/ogz7xao0QAgrkradbBzcqFPasw==}
    engines: {node: '>=18'}
    cpu: [arm64]
    os: [android]

  '@esbuild/android-arm@0.27.4':
    resolution: {integrity: sha512-X9bUgvxiC8CHAGKYufLIHGXPJWnr0OCdR0anD2e21vdvgCI8lIfqFbnoeOz7lBjdrAGUhqLZLcQo6MLhTO2DKQ==}
    engines: {node: '>=18'}
    cpu: [arm]
    os: [android]

  '@esbuild/android-x64@0.27.4':
    resolution: {integrity: sha512-PzPFnBNVF292sfpfhiyiXCGSn9HZg5BcAz+ivBuSsl6Rk4ga1oEXAamhOXRFyMcjwr2DVtm40G65N3GLeH1Lvw==}
    engines: {node: '>=18'}
    cpu: [x64]
    os: [android]

  '@esbuild/darwin-arm64@0.27.4':
    resolution: {integrity: sha512-b7xaGIwdJlht8ZFCvMkpDN6uiSmnxxK56N2GDTMYPr2/gzvfdQN8rTfBsvVKmIVY/X7EM+/hJKEIbbHs9oA4tQ==}
    engines: {node: '>=18'}
    cpu: [arm64]
    os: [darwin]

  '@esbuild/darwin-x64@0.27.4':
    resolution: {integrity: sha512-sR+OiKLwd15nmCdqpXMnuJ9W2kpy0KigzqScqHI3Hqwr7IXxBp3Yva+yJwoqh7rE8V77tdoheRYataNKL4QrPw==}
    engines: {node: '>=18'}
    cpu: [x64]
    os: [darwin]

  '@esbuild/freebsd-arm64@0.27.4':
    resolution: {integrity: sha512-jnfpKe+p79tCnm4GVav68A7tUFeKQwQyLgESwEAUzyxk/TJr4QdGog9sqWNcUbr/bZt/O/HXouspuQDd9JxFSw==}
    engines: {node: '>=18'}
    cpu: [arm64]
    os: [freebsd]

  '@esbuild/freebsd-x64@0.27.4':
    resolution: {integrity: sha512-2kb4ceA/CpfUrIcTUl1wrP/9ad9Atrp5J94Lq69w7UwOMolPIGrfLSvAKJp0RTvkPPyn6CIWrNy13kyLikZRZQ==}
    engines: {node: '>=18'}
    cpu: [x64]
    os: [freebsd]

  '@esbuild/linux-arm64@0.27.4':
    resolution: {integrity: sha512-7nQOttdzVGth1iz57kxg9uCz57dxQLHWxopL6mYuYthohPKEK0vU0C3O21CcBK6KDlkYVcnDXY099HcCDXd9dA==}
    engines: {node: '>=18'}
    cpu: [arm64]
    os: [linux]

  '@esbuild/linux-arm@0.27.4':
    resolution: {integrity: sha512-aBYgcIxX/wd5n2ys0yESGeYMGF+pv6g0DhZr3G1ZG4jMfruU9Tl1i2Z+Wnj9/KjGz1lTLCcorqE2viePZqj4Eg==}
    engines: {node: '>=18'}
    cpu: [arm]
    os: [linux]

  '@esbuild/linux-ia32@0.27.4':
    resolution: {integrity: sha512-oPtixtAIzgvzYcKBQM/qZ3R+9TEUd1aNJQu0HhGyqtx6oS7qTpvjheIWBbes4+qu1bNlo2V4cbkISr8q6gRBFA==}
    engines: {node: '>=18'}
    cpu: [ia32]
    os: [linux]

  '@esbuild/linux-loong64@0.27.4':
    resolution: {integrity: sha512-8mL/vh8qeCoRcFH2nM8wm5uJP+ZcVYGGayMavi8GmRJjuI3g1v6Z7Ni0JJKAJW+m0EtUuARb6Lmp4hMjzCBWzA==}
    engines: {node: '>=18'}
    cpu: [loong64]
    os: [linux]

  '@esbuild/linux-mips64el@0.27.4':
    resolution: {integrity: sha512-1RdrWFFiiLIW7LQq9Q2NES+HiD4NyT8Itj9AUeCl0IVCA459WnPhREKgwrpaIfTOe+/2rdntisegiPWn/r/aAw==}
    engines: {node: '>=18'}
    cpu: [mips64el]
    os: [linux]

  '@esbuild/linux-ppc64@0.27.4':
    resolution: {integrity: sha512-tLCwNG47l3sd9lpfyx9LAGEGItCUeRCWeAx6x2Jmbav65nAwoPXfewtAdtbtit/pJFLUWOhpv0FpS6GQAmPrHA==}
    engines: {node: '>=18'}
    cpu: [ppc64]
    os: [linux]

  '@esbuild/linux-riscv64@0.27.4':
    resolution: {integrity: sha512-BnASypppbUWyqjd1KIpU4AUBiIhVr6YlHx/cnPgqEkNoVOhHg+YiSVxM1RLfiy4t9cAulbRGTNCKOcqHrEQLIw==}
    engines: {node: '>=18'}
    cpu: [riscv64]
    os: [linux]

  '@esbuild/linux-s390x@0.27.4':
    resolution: {integrity: sha512-+eUqgb/Z7vxVLezG8bVB9SfBie89gMueS+I0xYh2tJdw3vqA/0ImZJ2ROeWwVJN59ihBeZ7Tu92dF/5dy5FttA==}
    engines: {node: '>=18'}
    cpu: [s390x]
    os: [linux]

  '@esbuild/linux-x64@0.27.4':
    resolution: {integrity: sha512-S5qOXrKV8BQEzJPVxAwnryi2+Iq5pB40gTEIT69BQONqR7JH1EPIcQ/Uiv9mCnn05jff9umq/5nqzxlqTOg9NA==}
    engines: {node: '>=18'}
    cpu: [x64]
    os: [linux]

  '@esbuild/netbsd-arm64@0.27.4':
    resolution: {integrity: sha512-xHT8X4sb0GS8qTqiwzHqpY00C95DPAq7nAwX35Ie/s+LO9830hrMd3oX0ZMKLvy7vsonee73x0lmcdOVXFzd6Q==}
    engines: {node: '>=18'}
    cpu: [arm64]
    os: [netbsd]

  '@esbuild/netbsd-x64@0.27.4':
    resolution: {integrity: sha512-RugOvOdXfdyi5Tyv40kgQnI0byv66BFgAqjdgtAKqHoZTbTF2QqfQrFwa7cHEORJf6X2ht+l9ABLMP0dnKYsgg==}
    engines: {node: '>=18'}
    cpu: [x64]
    os: [netbsd]

  '@esbuild/openbsd-arm64@0.27.4':
    resolution: {integrity: sha512-2MyL3IAaTX+1/qP0O1SwskwcwCoOI4kV2IBX1xYnDDqthmq5ArrW94qSIKCAuRraMgPOmG0RDTA74mzYNQA9ow==}
    engines: {node: '>=18'}
    cpu: [arm64]
    os: [openbsd]

  '@esbuild/openbsd-x64@0.27.4':
    resolution: {integrity: sha512-u8fg/jQ5aQDfsnIV6+KwLOf1CmJnfu1ShpwqdwC0uA7ZPwFws55Ngc12vBdeUdnuWoQYx/SOQLGDcdlfXhYmXQ==}
    engines: {node: '>=18'}
    cpu: [x64]
    os: [openbsd]

  '@esbuild/openharmony-arm64@0.27.4':
    resolution: {integrity: sha512-JkTZrl6VbyO8lDQO3yv26nNr2RM2yZzNrNHEsj9bm6dOwwu9OYN28CjzZkH57bh4w0I2F7IodpQvUAEd1mbWXg==}
    engines: {node: '>=18'}
    cpu: [arm64]
    os: [openharmony]

  '@esbuild/sunos-x64@0.27.4':
    resolution: {integrity: sha512-/gOzgaewZJfeJTlsWhvUEmUG4tWEY2Spp5M20INYRg2ZKl9QPO3QEEgPeRtLjEWSW8FilRNacPOg8R1uaYkA6g==}
    engines: {node: '>=18'}
    cpu: [x64]
    os: [sunos]

  '@esbuild/win32-arm64@0.27.4':
    resolution: {integrity: sha512-Z9SExBg2y32smoDQdf1HRwHRt6vAHLXcxD2uGgO/v2jK7Y718Ix4ndsbNMU/+1Qiem9OiOdaqitioZwxivhXYg==}
    engines: {node: '>=18'}
    cpu: [arm64]
    os: [win32]

  '@esbuild/win32-ia32@0.27.4':
    resolution: {integrity: sha512-DAyGLS0Jz5G5iixEbMHi5KdiApqHBWMGzTtMiJ72ZOLhbu/bzxgAe8Ue8CTS3n3HbIUHQz/L51yMdGMeoxXNJw==}
    engines: {node: '>=18'}
    cpu: [ia32]
    os: [win32]

  '@esbuild/win32-x64@0.27.4':
    resolution: {integrity: sha512-+knoa0BDoeXgkNvvV1vvbZX4+hizelrkwmGJBdT17t8FNPwG2lKemmuMZlmaNQ3ws3DKKCxpb4zRZEIp3UxFCg==}
    engines: {node: '>=18'}
    cpu: [x64]
    os: [win32]

  '@jimp/core@1.6.0':
    resolution: {integrity: sha512-EQQlKU3s9QfdJqiSrZWNTxBs3rKXgO2W+GxNXDtwchF3a4IqxDheFX1ti+Env9hdJXDiYLp2jTRjlxhPthsk8w==}
    engines: {node: '>=18'}

  '@jimp/diff@1.6.0':
    resolution: {integrity: sha512-+yUAQ5gvRC5D1WHYxjBHZI7JBRusGGSLf8AmPRPCenTzh4PA+wZ1xv2+cYqQwTfQHU5tXYOhA0xDytfHUf1Zyw==}
    engines: {node: '>=18'}

  '@jimp/file-ops@1.6.0':
    resolution: {integrity: sha512-Dx/bVDmgnRe1AlniRpCKrGRm5YvGmUwbDzt+MAkgmLGf+jvBT75hmMEZ003n9HQI/aPnm/YKnXjg/hOpzNCpHQ==}
    engines: {node: '>=18'}

  '@jimp/js-bmp@1.6.0':
    resolution: {integrity: sha512-FU6Q5PC/e3yzLyBDXupR3SnL3htU7S3KEs4e6rjDP6gNEOXRFsWs6YD3hXuXd50jd8ummy+q2WSwuGkr8wi+Gw==}
    engines: {node: '>=18'}

  '@jimp/js-gif@1.6.0':
    resolution: {integrity: sha512-N9CZPHOrJTsAUoWkWZstLPpwT5AwJ0wge+47+ix3++SdSL/H2QzyMqxbcDYNFe4MoI5MIhATfb0/dl/wmX221g==}
    engines: {node: '>=18'}

  '@jimp/js-jpeg@1.6.0':
    resolution: {integrity: sha512-6vgFDqeusblf5Pok6B2DUiMXplH8RhIKAryj1yn+007SIAQ0khM1Uptxmpku/0MfbClx2r7pnJv9gWpAEJdMVA==}
    engines: {node: '>=18'}

  '@jimp/js-png@1.6.0':
    resolution: {integrity: sha512-AbQHScy3hDDgMRNfG0tPjL88AV6qKAILGReIa3ATpW5QFjBKpisvUaOqhzJ7Reic1oawx3Riyv152gaPfqsBVg==}
    engines: {node: '>=18'}

  '@jimp/js-tiff@1.6.0':
    resolution: {integrity: sha512-zhReR8/7KO+adijj3h0ZQUOiun3mXUv79zYEAKvE0O+rP7EhgtKvWJOZfRzdZSNv0Pu1rKtgM72qgtwe2tFvyw==}
    engines: {node: '>=18'}

  '@jimp/plugin-blit@1.6.0':
    resolution: {integrity: sha512-M+uRWl1csi7qilnSK8uxK4RJMSuVeBiO1AY0+7APnfUbQNZm6hCe0CCFv1Iyw1D/Dhb8ph8fQgm5mwM0eSxgVA==}
    engines: {node: '>=18'}

  '@jimp/plugin-blur@1.6.0':
    resolution: {integrity: sha512-zrM7iic1OTwUCb0g/rN5y+UnmdEsT3IfuCXCJJNs8SZzP0MkZ1eTvuwK9ZidCuMo4+J3xkzCidRwYXB5CyGZTw==}
    engines: {node: '>=18'}

  '@jimp/plugin-circle@1.6.0':
    resolution: {integrity: sha512-xt1Gp+LtdMKAXfDp3HNaG30SPZW6AQ7dtAtTnoRKorRi+5yCJjKqXRgkewS5bvj8DEh87Ko1ydJfzqS3P2tdWw==}
    engines: {node: '>=18'}

  '@jimp/plugin-color@1.6.0':
    resolution: {integrity: sha512-J5q8IVCpkBsxIXM+45XOXTrsyfblyMZg3a9eAo0P7VPH4+CrvyNQwaYatbAIamSIN1YzxmO3DkIZXzRjFSz1SA==}
    engines: {node: '>=18'}

  '@jimp/plugin-contain@1.6.0':
    resolution: {integrity: sha512-oN/n+Vdq/Qg9bB4yOBOxtY9IPAtEfES8J1n9Ddx+XhGBYT1/QTU/JYkGaAkIGoPnyYvmLEDqMz2SGihqlpqfzQ==}
    engines: {node: '>=18'}

  '@jimp/plugin-cover@1.6.0':
    resolution: {integrity: sha512-Iow0h6yqSC269YUJ8HC3Q/MpCi2V55sMlbkkTTx4zPvd8mWZlC0ykrNDeAy9IJegrQ7v5E99rJwmQu25lygKLA==}
    engines: {node: '>=18'}

  '@jimp/plugin-crop@1.6.0':
    resolution: {integrity: sha512-KqZkEhvs+21USdySCUDI+GFa393eDIzbi1smBqkUPTE+pRwSWMAf01D5OC3ZWB+xZsNla93BDS9iCkLHA8wang==}
    engines: {node: '>=18'}

  '@jimp/plugin-displace@1.6.0':
    resolution: {integrity: sha512-4Y10X9qwr5F+Bo5ME356XSACEF55485j5nGdiyJ9hYzjQP9nGgxNJaZ4SAOqpd+k5sFaIeD7SQ0Occ26uIng5Q==}
    engines: {node: '>=18'}

  '@jimp/plugin-dither@1.6.0':
    resolution: {integrity: sha512-600d1RxY0pKwgyU0tgMahLNKsqEcxGdbgXadCiVCoGd6V6glyCvkNrnnwC0n5aJ56Htkj88PToSdF88tNVZEEQ==}
    engines: {node: '>=18'}

  '@jimp/plugin-fisheye@1.6.0':
    resolution: {integrity: sha512-E5QHKWSCBFtpgZarlmN3Q6+rTQxjirFqo44ohoTjzYVrDI6B6beXNnPIThJgPr0Y9GwfzgyarKvQuQuqCnnfbA==}
    engines: {node: '>=18'}

  '@jimp/plugin-flip@1.6.0':
    resolution: {integrity: sha512-/+rJVDuBIVOgwoyVkBjUFHtP+wmW0r+r5OQ2GpatQofToPVbJw1DdYWXlwviSx7hvixTWLKVgRWQ5Dw862emDg==}
    engines: {node: '>=18'}

  '@jimp/plugin-hash@1.6.0':
    resolution: {integrity: sha512-wWzl0kTpDJgYVbZdajTf+4NBSKvmI3bRI8q6EH9CVeIHps9VWVsUvEyb7rpbcwVLWYuzDtP2R0lTT6WeBNQH9Q==}
    engines: {node: '>=18'}

  '@jimp/plugin-mask@1.6.0':
    resolution: {integrity: sha512-Cwy7ExSJMZszvkad8NV8o/Z92X2kFUFM8mcDAhNVxU0Q6tA0op2UKRJY51eoK8r6eds/qak3FQkXakvNabdLnA==}
    engines: {node: '>=18'}

  '@jimp/plugin-print@1.6.0':
    resolution: {integrity: sha512-zarTIJi8fjoGMSI/M3Xh5yY9T65p03XJmPsuNet19K/Q7mwRU6EV2pfj+28++2PV2NJ+htDF5uecAlnGyxFN2A==}
    engines: {node: '>=18'}

  '@jimp/plugin-quantize@1.6.0':
    resolution: {integrity: sha512-EmzZ/s9StYQwbpG6rUGBCisc3f64JIhSH+ncTJd+iFGtGo0YvSeMdAd+zqgiHpfZoOL54dNavZNjF4otK+mvlg==}
    engines: {node: '>=18'}

  '@jimp/plugin-resize@1.6.0':
    resolution: {integrity: sha512-uSUD1mqXN9i1SGSz5ov3keRZ7S9L32/mAQG08wUwZiEi5FpbV0K8A8l1zkazAIZi9IJzLlTauRNU41Mi8IF9fA==}
    engines: {node: '>=18'}

  '@jimp/plugin-rotate@1.6.0':
    resolution: {integrity: sha512-JagdjBLnUZGSG4xjCLkIpQOZZ3Mjbg8aGCCi4G69qR+OjNpOeGI7N2EQlfK/WE8BEHOW5vdjSyglNqcYbQBWRw==}
    engines: {node: '>=18'}

  '@jimp/plugin-threshold@1.6.0':
    resolution: {integrity: sha512-M59m5dzLoHOVWdM41O8z9SyySzcDn43xHseOH0HavjsfQsT56GGCC4QzU1banJidbUrePhzoEdS42uFE8Fei8w==}
    engines: {node: '>=18'}

  '@jimp/types@1.6.0':
    resolution: {integrity: sha512-7UfRsiKo5GZTAATxm2qQ7jqmUXP0DxTArztllTcYdyw6Xi5oT4RaoXynVtCD4UyLK5gJgkZJcwonoijrhYFKfg==}
    engines: {node: '>=18'}

  '@jimp/utils@1.6.0':
    resolution: {integrity: sha512-gqFTGEosKbOkYF/WFj26jMHOI5OH2jeP1MmC/zbK6BF6VJBf8rIC5898dPfSzZEbSA0wbbV5slbntWVc5PKLFA==}
    engines: {node: '>=18'}

  '@jridgewell/gen-mapping@0.3.13':
    resolution: {integrity: sha512-2kkt/7niJ6MgEPxF0bYdQ6etZaA+fQvDcLKckhy1yIQOzaoKjBBjSj63/aLVjYE3qhRt5dvM+uUyfCg6UKCBbA==}

  '@jridgewell/resolve-uri@3.1.2':
    resolution: {integrity: sha512-bRISgCIjP20/tbWSPWMEi54QVPRZExkuD9lJL+UIxUKtwVJA8wW1Trb1jMs1RFXo1CBTNZ/5hpC9QvmKWdopKw==}
    engines: {node: '>=6.0.0'}

  '@jridgewell/sourcemap-codec@1.5.5':
    resolution: {integrity: sha512-cYQ9310grqxueWbl+WuIUIaiUaDcj7WOq5fVhEljNVgRfOUhY9fy2zTvfoqWsnebh8Sl70VScFbICvJnLKB0Og==}

  '@jridgewell/trace-mapping@0.3.31':
    resolution: {integrity: sha512-zzNR+SdQSDJzc8joaeP8QQoCQr8NuYx2dIIytl1QeBEZHJ9uW6hebsrYgbz8hJwUQao3TWCMtmfV8Nu1twOLAw==}

  '@publint/pack@0.1.4':
    resolution: {integrity: sha512-HDVTWq3H0uTXiU0eeSQntcVUTPP3GamzeXI41+x7uU9J65JgWQh3qWZHblR1i0npXfFtF+mxBiU2nJH8znxWnQ==}
    engines: {node: '>=18'}

  '@rollup/rollup-android-arm-eabi@4.60.0':
    resolution: {integrity: sha512-WOhNW9K8bR3kf4zLxbfg6Pxu2ybOUbB2AjMDHSQx86LIF4rH4Ft7vmMwNt0loO0eonglSNy4cpD3MKXXKQu0/A==}
    cpu: [arm]
    os: [android]

  '@rollup/rollup-android-arm64@4.60.0':
    resolution: {integrity: sha512-u6JHLll5QKRvjciE78bQXDmqRqNs5M/3GVqZeMwvmjaNODJih/WIrJlFVEihvV0MiYFmd+ZyPr9wxOVbPAG2Iw==}
    cpu: [arm64]
    os: [android]

  '@rollup/rollup-darwin-arm64@4.60.0':
    resolution: {integrity: sha512-qEF7CsKKzSRc20Ciu2Zw1wRrBz4g56F7r/vRwY430UPp/nt1x21Q/fpJ9N5l47WWvJlkNCPJz3QRVw008fi7yA==}
    cpu: [arm64]
    os: [darwin]

  '@rollup/rollup-darwin-x64@4.60.0':
    resolution: {integrity: sha512-WADYozJ4QCnXCH4wPB+3FuGmDPoFseVCUrANmA5LWwGmC6FL14BWC7pcq+FstOZv3baGX65tZ378uT6WG8ynTw==}
    cpu: [x64]
    os: [darwin]

  '@rollup/rollup-freebsd-arm64@4.60.0':
    resolution: {integrity: sha512-6b8wGHJlDrGeSE3aH5mGNHBjA0TTkxdoNHik5EkvPHCt351XnigA4pS7Wsj/Eo9Y8RBU6f35cjN9SYmCFBtzxw==}
    cpu: [arm64]
    os: [freebsd]

  '@rollup/rollup-freebsd-x64@4.60.0':
    resolution: {integrity: sha512-h25Ga0t4jaylMB8M/JKAyrvvfxGRjnPQIR8lnCayyzEjEOx2EJIlIiMbhpWxDRKGKF8jbNH01NnN663dH638mA==}
    cpu: [x64]
    os: [freebsd]

  '@rollup/rollup-linux-arm-gnueabihf@4.60.0':
    resolution: {integrity: sha512-RzeBwv0B3qtVBWtcuABtSuCzToo2IEAIQrcyB/b2zMvBWVbjo8bZDjACUpnaafaxhTw2W+imQbP2BD1usasK4g==}
    cpu: [arm]
    os: [linux]
    libc: [glibc]

  '@rollup/rollup-linux-arm-musleabihf@4.60.0':
    resolution: {integrity: sha512-Sf7zusNI2CIU1HLzuu9Tc5YGAHEZs5Lu7N1ssJG4Tkw6e0MEsN7NdjUDDfGNHy2IU+ENyWT+L2obgWiguWibWQ==}
    cpu: [arm]
    os: [linux]
    libc: [musl]

  '@rollup/rollup-linux-arm64-gnu@4.60.0':
    resolution: {integrity: sha512-DX2x7CMcrJzsE91q7/O02IJQ5/aLkVtYFryqCjduJhUfGKG6yJV8hxaw8pZa93lLEpPTP/ohdN4wFz7yp/ry9A==}
    cpu: [arm64]
    os: [linux]
    libc: [glibc]

  '@rollup/rollup-linux-arm64-musl@4.60.0':
    resolution: {integrity: sha512-09EL+yFVbJZlhcQfShpswwRZ0Rg+z/CsSELFCnPt3iK+iqwGsI4zht3secj5vLEs957QvFFXnzAT0FFPIxSrkQ==}
    cpu: [arm64]
    os: [linux]
    libc: [musl]

  '@rollup/rollup-linux-loong64-gnu@4.60.0':
    resolution: {integrity: sha512-i9IcCMPr3EXm8EQg5jnja0Zyc1iFxJjZWlb4wr7U2Wx/GrddOuEafxRdMPRYVaXjgbhvqalp6np07hN1w9kAKw==}
    cpu: [loong64]
    os: [linux]
    libc: [glibc]

  '@rollup/rollup-linux-loong64-musl@4.60.0':
    resolution: {integrity: sha512-DGzdJK9kyJ+B78MCkWeGnpXJ91tK/iKA6HwHxF4TAlPIY7GXEvMe8hBFRgdrR9Ly4qebR/7gfUs9y2IoaVEyog==}
    cpu: [loong64]
    os: [linux]
    libc: [musl]

  '@rollup/rollup-linux-ppc64-gnu@4.60.0':
    resolution: {integrity: sha512-RwpnLsqC8qbS8z1H1AxBA1H6qknR4YpPR9w2XX0vo2Sz10miu57PkNcnHVaZkbqyw/kUWfKMI73jhmfi9BRMUQ==}
    cpu: [ppc64]
    os: [linux]
    libc: [glibc]

  '@rollup/rollup-linux-ppc64-musl@4.60.0':
    resolution: {integrity: sha512-Z8pPf54Ly3aqtdWC3G4rFigZgNvd+qJlOE52fmko3KST9SoGfAdSRCwyoyG05q1HrrAblLbk1/PSIV+80/pxLg==}
    cpu: [ppc64]
    os: [linux]
    libc: [musl]

  '@rollup/rollup-linux-riscv64-gnu@4.60.0':
    resolution: {integrity: sha512-3a3qQustp3COCGvnP4SvrMHnPQ9d1vzCakQVRTliaz8cIp/wULGjiGpbcqrkv0WrHTEp8bQD/B3HBjzujVWLOA==}
    cpu: [riscv64]
    os: [linux]
    libc: [glibc]

  '@rollup/rollup-linux-riscv64-musl@4.60.0':
    resolution: {integrity: sha512-pjZDsVH/1VsghMJ2/kAaxt6dL0psT6ZexQVrijczOf+PeP2BUqTHYejk3l6TlPRydggINOeNRhvpLa0AYpCWSQ==}
    cpu: [riscv64]
    os: [linux]
    libc: [musl]

  '@rollup/rollup-linux-s390x-gnu@4.60.0':
    resolution: {integrity: sha512-3ObQs0BhvPgiUVZrN7gqCSvmFuMWvWvsjG5ayJ3Lraqv+2KhOsp+pUbigqbeWqueGIsnn+09HBw27rJ+gYK4VQ==}
    cpu: [s390x]
    os: [linux]
    libc: [glibc]

  '@rollup/rollup-linux-x64-gnu@4.60.0':
    resolution: {integrity: sha512-EtylprDtQPdS5rXvAayrNDYoJhIz1/vzN2fEubo3yLE7tfAw+948dO0g4M0vkTVFhKojnF+n6C8bDNe+gDRdTg==}
    cpu: [x64]
    os: [linux]
    libc: [glibc]

  '@rollup/rollup-linux-x64-musl@4.60.0':
    resolution: {integrity: sha512-k09oiRCi/bHU9UVFqD17r3eJR9bn03TyKraCrlz5ULFJGdJGi7VOmm9jl44vOJvRJ6P7WuBi/s2A97LxxHGIdw==}
    cpu: [x64]
    os: [linux]
    libc: [musl]

  '@rollup/rollup-openbsd-x64@4.60.0':
    resolution: {integrity: sha512-1o/0/pIhozoSaDJoDcec+IVLbnRtQmHwPV730+AOD29lHEEo4F5BEUB24H0OBdhbBBDwIOSuf7vgg0Ywxdfiiw==}
    cpu: [x64]
    os: [openbsd]

  '@rollup/rollup-openharmony-arm64@4.60.0':
    resolution: {integrity: sha512-pESDkos/PDzYwtyzB5p/UoNU/8fJo68vcXM9ZW2V0kjYayj1KaaUfi1NmTUTUpMn4UhU4gTuK8gIaFO4UGuMbA==}
    cpu: [arm64]
    os: [openharmony]

  '@rollup/rollup-win32-arm64-msvc@4.60.0':
    resolution: {integrity: sha512-hj1wFStD7B1YBeYmvY+lWXZ7ey73YGPcViMShYikqKT1GtstIKQAtfUI6yrzPjAy/O7pO0VLXGmUVWXQMaYgTQ==}
    cpu: [arm64]
    os: [win32]

  '@rollup/rollup-win32-ia32-msvc@4.60.0':
    resolution: {integrity: sha512-SyaIPFoxmUPlNDq5EHkTbiKzmSEmq/gOYFI/3HHJ8iS/v1mbugVa7dXUzcJGQfoytp9DJFLhHH4U3/eTy2Bq4w==}
    cpu: [ia32]
    os: [win32]

  '@rollup/rollup-win32-x64-gnu@4.60.0':
    resolution: {integrity: sha512-RdcryEfzZr+lAr5kRm2ucN9aVlCCa2QNq4hXelZxb8GG0NJSazq44Z3PCCc8wISRuCVnGs0lQJVX5Vp6fKA+IA==}
    cpu: [x64]
    os: [win32]

  '@rollup/rollup-win32-x64-msvc@4.60.0':
    resolution: {integrity: sha512-PrsWNQ8BuE00O3Xsx3ALh2Df8fAj9+cvvX9AIA6o4KpATR98c9mud4XtDWVvsEuyia5U4tVSTKygawyJkjm60w==}
    cpu: [x64]
    os: [win32]

  '@tokenizer/token@0.3.0':
    resolution: {integrity: sha512-OvjF+z51L3ov0OyAU0duzsYuvO01PH7x4t6DJx+guahgTnBHkhJdG7soQeTSFLWN3efnHyibZ4Z8l2EuWwJN3A==}

  '@types/estree@1.0.8':
    resolution: {integrity: sha512-dWHzHa2WqEXI/O1E9OjrocMTKJl2mSrEolh1Iomrv6U+JuNwaHXsXx9bLu5gG7BUWFIN0skIQJQ/L1rIex4X6w==}

  '@types/node@16.9.1':
    resolution: {integrity: sha512-QpLcX9ZSsq3YYUUnD3nFDY8H7wctAhQj/TFKL8Ya8v5fMm3CFXxo8zStsLAl780ltoYoo1WvKUVGBQK+1ifr7g==}

  abort-controller@3.0.0:
    resolution: {integrity: sha512-h8lQ8tacZYnR3vNQTgibj+tODHI5/+l06Au2Pcriv/Gmet0eaj4TwWH41sO9wnHDiQsEj19q0drzdWdeAHtweg==}
    engines: {node: '>=6.5'}

  acorn@8.16.0:
    resolution: {integrity: sha512-UVJyE9MttOsBQIDKw1skb9nAwQuR5wuGD3+82K6JgJlm/Y+KI92oNsMNGZCYdDsVtRHSak0pcV5Dno5+4jh9sw==}
    engines: {node: '>=0.4.0'}
    hasBin: true

  any-base@1.1.0:
    resolution: {integrity: sha512-uMgjozySS8adZZYePpaWs8cxB9/kdzmpX6SgJZ+wbz1K5eYk5QMYDVJaZKhxyIHUdnnJkfR7SVgStgH7LkGUyg==}

  any-promise@1.3.0:
    resolution: {integrity: sha512-7UvmKalWRt1wgjL1RrGxoSJW/0QZFIegpeGvZG9kjp8vrRu55XTHbwnqq2GpXm9uLbcuhxm3IqX9OB4MZR1b2A==}

  await-to-js@3.0.0:
    resolution: {integrity: sha512-zJAaP9zxTcvTHRlejau3ZOY4V7SRpiByf3/dxx2uyKxxor19tpmpV2QRsTKikckwhaPmr2dVpxxMr7jOCYVp5g==}
    engines: {node: '>=6.0.0'}

  base64-js@1.5.1:
    resolution: {integrity: sha512-AKpaYlHn8t4SVbOHCy+b5+KKgvR4vrsD8vbvrbiQJps7fKDTkjkDry6ji0rUJjC0kzbNePLwzxq8iypo41qeWA==}

  bmp-ts@1.0.9:
    resolution: {integrity: sha512-cTEHk2jLrPyi+12M3dhpEbnnPOsaZuq7C45ylbbQIiWgDFZq4UVYPEY5mlqjvsj/6gJv9qX5sa+ebDzLXT28Vw==}

  buffer@6.0.3:
    resolution: {integrity: sha512-FTiCpNxtwiZZHEZbcbTIcZjERVICn9yq/pDFkTl95/AxzD1naBctN7YO68riM/gLSDY7sdrMby8hofADYuuqOA==}

  bundle-require@5.1.0:
    resolution: {integrity: sha512-3WrrOuZiyaaZPWiEt4G3+IffISVC9HYlWueJEBWED4ZH4aIAC2PnkdnuRrR94M+w6yGWn4AglWtJtBI8YqvgoA==}
    engines: {node: ^12.20.0 || ^14.13.1 || >=16.0.0}
    peerDependencies:
      esbuild: '>=0.18'

  cac@6.7.14:
    resolution: {integrity: sha512-b6Ilus+c3RrdDk+JhLKUAQfzzgLEPy6wcXqS7f/xe1EETvsDP6GORG7SFuOs6cID5YkqchW/LXZbX5bc8j7ZcQ==}
    engines: {node: '>=8'}

  chokidar@4.0.3:
    resolution: {integrity: sha512-Qgzu8kfBvo+cA4962jnP1KkS6Dop5NS6g7R5LFYJr4b8Ub94PPQXUksCw9PvXoeXPRRddRNC5C1JQUR2SMGtnA==}
    engines: {node: '>= 14.16.0'}

  commander@4.1.1:
    resolution: {integrity: sha512-NOKm8xhkzAjzFx8B2v5OAHT+u5pRQc2UCa2Vq9jYL/31o2wi9mxBA7LIFs3sV5VSC49z6pEhfbMULvShKj26WA==}
    engines: {node: '>= 6'}

  confbox@0.1.8:
    resolution: {integrity: sha512-RMtmw0iFkeR4YV+fUOSucriAQNb9g8zFR52MWCtl+cCZOFRNL6zeB395vPzFhEjjn4fMxXudmELnl/KF/WrK6w==}

  consola@3.4.2:
    resolution: {integrity: sha512-5IKcdX0nnYavi6G7TtOhwkYzyjfJlatbjMjuLSfE2kYT5pMDOilZ4OvMhi637CcDICTmz3wARPoyhqyX1Y+XvA==}
    engines: {node: ^14.18.0 || >=16.10.0}

  debug@4.4.3:
    resolution: {integrity: sha512-RGwwWnwQvkVfavKVt22FGLw+xYSdzARwm0ru6DhTVA3umU5hZc28V3kO4stgYryrTlLpuvgI9GiijltAjNbcqA==}
    engines: {node: '>=6.0'}
    peerDependencies:
      supports-color: '*'
    peerDependenciesMeta:
      supports-color:
        optional: true

  esbuild@0.27.4:
    resolution: {integrity: sha512-Rq4vbHnYkK5fws5NF7MYTU68FPRE1ajX7heQ/8QXXWqNgqqJ/GkmmyxIzUnf2Sr/bakf8l54716CcMGHYhMrrQ==}
    engines: {node: '>=18'}
    hasBin: true

  event-target-shim@5.0.1:
    resolution: {integrity: sha512-i/2XbnSz/uxRCU6+NdVJgKWDTM427+MqYbkQzD321DuCQJUqOuJKIA0IM2+W2xtYHdKOmZ4dR6fExsd4SXL+WQ==}
    engines: {node: '>=6'}

  events@3.3.0:
    resolution: {integrity: sha512-mQw+2fkQbALzQ7V0MY0IqdnXNOeTtP4r0lN9z7AAawCXgqea7bDii20AYrIBrFd/Hx0M2Ocz6S111CaFkUcb0Q==}
    engines: {node: '>=0.8.x'}

  exif-parser@0.1.12:
    resolution: {integrity: sha512-c2bQfLNbMzLPmzQuOr8fy0csy84WmwnER81W88DzTp9CYNPJ6yzOj2EZAh9pywYpqHnshVLHQJ8WzldAyfY+Iw==}

  fdir@6.5.0:
    resolution: {integrity: sha512-tIbYtZbucOs0BRGqPJkshJUYdL+SDH7dVM8gjy+ERp3WAUjLEFJE+02kanyHtwjWOnwrKYBiwAmM0p4kLJAnXg==}
    engines: {node: '>=12.0.0'}
    peerDependencies:
      picomatch: ^3 || ^4
    peerDependenciesMeta:
      picomatch:
        optional: true

  file-type@16.5.4:
    resolution: {integrity: sha512-/yFHK0aGjFEgDJjEKP0pWCplsPFPhwyfwevf/pVxiN0tmE4L9LmwWxWukdJSHdoCli4VgQLehjJtwQBnqmsKcw==}
    engines: {node: '>=10'}

  fix-dts-default-cjs-exports@1.0.1:
    resolution: {integrity: sha512-pVIECanWFC61Hzl2+oOCtoJ3F17kglZC/6N94eRWycFgBH35hHx0Li604ZIzhseh97mf2p0cv7vVrOZGoqhlEg==}

  fsevents@2.3.3:
    resolution: {integrity: sha512-5xoDfX+fL7faATnagmWPpbFtwh/R77WmMMqqHGS65C3vvB0YHrgF+B1YmZ3441tMj5n63k0212XNoJwzlhffQw==}
    engines: {node: ^8.16.0 || ^10.6.0 || >=11.0.0}
    os: [darwin]

  gifwrap@0.10.1:
    resolution: {integrity: sha512-2760b1vpJHNmLzZ/ubTtNnEx5WApN/PYWJvXvgS+tL1egTTthayFYIQQNi136FLEDcN/IyEY2EcGpIITD6eYUw==}

  ieee754@1.2.1:
    resolution: {integrity: sha512-dcyqhDvX1C46lXZcVqCpK+FtMRQVdIMN6/Df5js2zouUsqG7I6sFxitIC+7KYK29KdXOLHdu9zL4sFnoVQnqaA==}

  image-q@4.0.0:
    resolution: {integrity: sha512-PfJGVgIfKQJuq3s0tTDOKtztksibuUEbJQIYT3by6wctQo+Rdlh7ef4evJ5NCdxY4CfMbvFkocEwbl4BF8RlJw==}

  jimp@1.6.0:
    resolution: {integrity: sha512-YcwCHw1kiqEeI5xRpDlPPBGL2EOpBKLwO4yIBJcXWHPj5PnA5urGq0jbyhM5KoNpypQ6VboSoxc9D8HyfvngSg==}
    engines: {node: '>=18'}

  joycon@3.1.1:
    resolution: {integrity: sha512-34wB/Y7MW7bzjKRjUKTa46I2Z7eV62Rkhva+KkopW7Qvv/OSWBqvkSY7vusOPrNuZcUG3tApvdVgNB8POj3SPw==}
    engines: {node: '>=10'}

  jpeg-js@0.4.4:
    resolution: {integrity: sha512-WZzeDOEtTOBK4Mdsar0IqEU5sMr3vSV2RqkAIzUEV2BHnUfKGyswWFPFwK5EeDo93K3FohSHbLAjj0s1Wzd+dg==}

  lilconfig@3.1.3:
    resolution: {integrity: sha512-/vlFKAoH5Cgt3Ie+JLhRbwOsCQePABiU3tJ1egGvyQ+33R/vcwM2Zl2QR/LzjsBeItPt3oSVXapn+m4nQDvpzw==}
    engines: {node: '>=14'}

  lines-and-columns@1.2.4:
    resolution: {integrity: sha512-7ylylesZQ/PV29jhEDl3Ufjo6ZX7gCqJr5F7PKrqc93v7fzSymt1BpwEU8nAUXs8qzzvqhbjhK5QZg6Mt/HkBg==}

  load-tsconfig@0.2.5:
    resolution: {integrity: sha512-IXO6OCs9yg8tMKzfPZ1YmheJbZCiEsnBdcB03l0OcfK9prKnJb96siuHCr5Fl37/yo9DnKU+TLpxzTUspw9shg==}
    engines: {node: ^12.20.0 || ^14.13.1 || >=16.0.0}

  magic-string@0.30.21:
    resolution: {integrity: sha512-vd2F4YUyEXKGcLHoq+TEyCjxueSeHnFxyyjNp80yg0XV4vUhnDer/lvvlqM/arB5bXQN5K2/3oinyCRyx8T2CQ==}

  mime@3.0.0:
    resolution: {integrity: sha512-jSCU7/VB1loIWBZe14aEYHU/+1UMEHoaO7qxCOVJOw9GgH72VAWppxNcjU+x9a2k3GSIBXNKxXQFqRvvZ7vr3A==}
    engines: {node: '>=10.0.0'}
    hasBin: true

  mlly@1.8.2:
    resolution: {integrity: sha512-d+ObxMQFmbt10sretNDytwt85VrbkhhUA/JBGm1MPaWJ65Cl4wOgLaB1NYvJSZ0Ef03MMEU/0xpPMXUIQ29UfA==}

  mri@1.2.0:
    resolution: {integrity: sha512-tzzskb3bG8LvYGFF/mDTpq3jpI6Q9wc3LEmBaghu+DdCssd1FakN7Bc0hVNmEyGq1bq3RgfkCb3cmQLpNPOroA==}
    engines: {node: '>=4'}

  ms@2.1.3:
    resolution: {integrity: sha512-6FlzubTLZG3J2a/NVCAleEhjzq5oxgHyaCU9yYXvcLsvoVaHJq/s5xXI6/XXP6tz7R9xAOtHnSO/tXtF3WRTlA==}

  mz@2.7.0:
    resolution: {integrity: sha512-z81GNO7nnYMEhrGh9LeymoE4+Yr0Wn5McHIZMK5cfQCl+NDX08sCZgUc9/6MHni9IWuFLm1Z3HTCXu2z9fN62Q==}

  object-assign@4.1.1:
    resolution: {integrity: sha512-rJgTQnkUnH1sFw8yT6VSU3zD3sWmu6sZhIseY8VX+GRu3P6F7Fu+JNDoXfklElbLJSnc3FUQHVe4cU5hj+BcUg==}
    engines: {node: '>=0.10.0'}

  omggif@1.0.10:
    resolution: {integrity: sha512-LMJTtvgc/nugXj0Vcrrs68Mn2D1r0zf630VNtqtpI1FEO7e+O9FP4gqs9AcnBaSEeoHIPm28u6qgPR0oyEpGSw==}

  package-manager-detector@1.6.0:
    resolution: {integrity: sha512-61A5ThoTiDG/C8s8UMZwSorAGwMJ0ERVGj2OjoW5pAalsNOg15+iQiPzrLJ4jhZ1HJzmC2PIHT2oEiH3R5fzNA==}

  pako@1.0.11:
    resolution: {integrity: sha512-4hLB8Py4zZce5s4yd9XzopqwVv/yGNhV1Bl8NTmCq1763HeK2+EwVTv+leGeL13Dnh2wfbqowVPXCIO0z4taYw==}

  parse-bmfont-ascii@1.0.6:
    resolution: {integrity: sha512-U4RrVsUFCleIOBsIGYOMKjn9PavsGOXxbvYGtMOEfnId0SVNsgehXh1DxUdVPLoxd5mvcEtvmKs2Mmf0Mpa1ZA==}

  parse-bmfont-binary@1.0.6:
    resolution: {integrity: sha512-GxmsRea0wdGdYthjuUeWTMWPqm2+FAd4GI8vCvhgJsFnoGhTrLhXDDupwTo7rXVAgaLIGoVHDZS9p/5XbSqeWA==}

  parse-bmfont-xml@1.1.6:
    resolution: {integrity: sha512-0cEliVMZEhrFDwMh4SxIyVJpqYoOWDJ9P895tFuS+XuNzI5UBmBk5U5O4KuJdTnZpSBI4LFA2+ZiJaiwfSwlMA==}

  pathe@2.0.3:
    resolution: {integrity: sha512-WUjGcAqP1gQacoQe+OBJsFA7Ld4DyXuUIjZ5cc75cLHvJ7dtNsTugphxIADwspS+AraAUePCKrSVtPLFj/F88w==}

  peek-readable@4.1.0:
    resolution: {integrity: sha512-ZI3LnwUv5nOGbQzD9c2iDG6toheuXSZP5esSHBjopsXH4dg19soufvpUGA3uohi5anFtGb2lhAVdHzH6R/Evvg==}
    engines: {node: '>=8'}

  picocolors@1.1.1:
    resolution: {integrity: sha512-xceH2snhtb5M9liqDsmEw56le376mTZkEX/jEb/RxNFyegNul7eNslCXP9FDj/Lcu0X8KEyMceP2ntpaHrDEVA==}

  picomatch@4.0.4:
    resolution: {integrity: sha512-QP88BAKvMam/3NxH6vj2o21R6MjxZUAd6nlwAS/pnGvN9IVLocLHxGYIzFhg6fUQ+5th6P4dv4eW9jX3DSIj7A==}
    engines: {node: '>=12'}

  pirates@4.0.7:
    resolution: {integrity: sha512-TfySrs/5nm8fQJDcBDuUng3VOUKsd7S+zqvbOTiGXHfxX4wK31ard+hoNuvkicM/2YFzlpDgABOevKSsB4G/FA==}
    engines: {node: '>= 6'}

  pixelmatch@5.3.0:
    resolution: {integrity: sha512-o8mkY4E/+LNUf6LzX96ht6k6CEDi65k9G2rjMtBe9Oo+VPKSvl+0GKHuH/AlG+GA5LPG/i5hrekkxUc3s2HU+Q==}
    hasBin: true

  pkg-types@1.3.1:
    resolution: {integrity: sha512-/Jm5M4RvtBFVkKWRu2BLUTNP8/M2a+UwuAX+ae4770q1qVGtfjG+WTCupoZixokjmHiry8uI+dlY8KXYV5HVVQ==}

  pngjs@6.0.0:
    resolution: {integrity: sha512-TRzzuFRRmEoSW/p1KVAmiOgPco2Irlah+bGFCeNfJXxxYGwSw7YwAOAcd7X28K/m5bjBWKsC29KyoMfHbypayg==}
    engines: {node: '>=12.13.0'}

  pngjs@7.0.0:
    resolution: {integrity: sha512-LKWqWJRhstyYo9pGvgor/ivk2w94eSjE3RGVuzLGlr3NmD8bf7RcYGze1mNdEHRP6TRP6rMuDHk5t44hnTRyow==}
    engines: {node: '>=14.19.0'}

  postcss-load-config@6.0.1:
    resolution: {integrity: sha512-oPtTM4oerL+UXmx+93ytZVN82RrlY/wPUV8IeDxFrzIjXOLF1pN+EmKPLbubvKHT2HC20xXsCAH2Z+CKV6Oz/g==}
    engines: {node: '>= 18'}
    peerDependencies:
      jiti: '>=1.21.0'
      postcss: '>=8.0.9'
      tsx: ^4.8.1
      yaml: ^2.4.2
    peerDependenciesMeta:
      jiti:
        optional: true
      postcss:
        optional: true
      tsx:
        optional: true
      yaml:
        optional: true

  process@0.11.10:
    resolution: {integrity: sha512-cdGef/drWFoydD1JsMzuFf8100nZl+GT+yacc2bEced5f9Rjk4z+WtFUTBu9PhOi9j/jfmBPu0mMEY4wIdAF8A==}
    engines: {node: '>= 0.6.0'}

  publint@0.3.18:
    resolution: {integrity: sha512-JRJFeBTrfx4qLwEuGFPk+haJOJN97KnPuK01yj+4k/Wj5BgoOK5uNsivporiqBjk2JDaslg7qJOhGRnpltGeog==}
    engines: {node: '>=18'}
    hasBin: true

  readable-stream@4.7.0:
    resolution: {integrity: sha512-oIGGmcpTLwPga8Bn6/Z75SVaH1z5dUut2ibSyAMVhmUggWpmDn2dapB0n7f8nwaSiRtepAsfJyfXIO5DCVAODg==}
    engines: {node: ^12.22.0 || ^14.17.0 || >=16.0.0}

  readable-web-to-node-stream@3.0.4:
    resolution: {integrity: sha512-9nX56alTf5bwXQ3ZDipHJhusu9NTQJ/CVPtb/XHAJCXihZeitfJvIRS4GqQ/mfIoOE3IelHMrpayVrosdHBuLw==}
    engines: {node: '>=8'}

  readdirp@4.1.2:
    resolution: {integrity: sha512-GDhwkLfywWL2s6vEjyhri+eXmfH6j1L7JE27WhqLeYzoh/A3DBaYGEj2H/HFZCn/kMfim73FXxEJTw06WtxQwg==}
    engines: {node: '>= 14.18.0'}

  resolve-from@5.0.0:
    resolution: {integrity: sha512-qYg9KP24dD5qka9J47d0aVky0N+b4fTU89LN9iDnjB5waksiC49rvMB0PrUJQGoTmH50XPiqOvAjDfaijGxYZw==}
    engines: {node: '>=8'}

  rollup@4.60.0:
    resolution: {integrity: sha512-yqjxruMGBQJ2gG4HtjZtAfXArHomazDHoFwFFmZZl0r7Pdo7qCIXKqKHZc8yeoMgzJJ+pO6pEEHa+V7uzWlrAQ==}
    engines: {node: '>=18.0.0', npm: '>=8.0.0'}
    hasBin: true

  sade@1.8.1:
    resolution: {integrity: sha512-xal3CZX1Xlo/k4ApwCFrHVACi9fBqJ7V+mwhBsuf/1IOKbBy098Fex+Wa/5QMubw09pSZ/u8EY8PWgevJsXp1A==}
    engines: {node: '>=6'}

  safe-buffer@5.2.1:
    resolution: {integrity: sha512-rp3So07KcdmmKbGvgaNxQSJr7bGVSVk5S9Eq1F+ppbRo70+YeaDxkw5Dd8NPN+GD6bjnYm2VuPuCXmpuYvmCXQ==}

  sax@1.6.0:
    resolution: {integrity: sha512-6R3J5M4AcbtLUdZmRv2SygeVaM7IhrLXu9BmnOGmmACak8fiUtOsYNWUS4uK7upbmHIBbLBeFeI//477BKLBzA==}
    engines: {node: '>=11.0.0'}

  simple-xml-to-json@1.2.4:
    resolution: {integrity: sha512-3MY16e0ocMHL7N1ufpdObURGyX+lCo0T/A+y6VCwosLdH1HSda4QZl1Sdt/O+2qWp48WFi26XEp5rF0LoaL0Dg==}
    engines: {node: '>=20.12.2'}

  source-map@0.7.6:
    resolution: {integrity: sha512-i5uvt8C3ikiWeNZSVZNWcfZPItFQOsYTUAOkcUPGd8DqDy1uOUikjt5dG+uRlwyvR108Fb9DOd4GvXfT0N2/uQ==}
    engines: {node: '>= 12'}

  string_decoder@1.3.0:
    resolution: {integrity: sha512-hkRX8U1WjJFd8LsDJ2yQ/wWWxaopEsABU1XfkM8A+j0+85JAGppt16cr1Whg6KIbb4okU6Mql6BOj+uup/wKeA==}

  strtok3@6.3.0:
    resolution: {integrity: sha512-fZtbhtvI9I48xDSywd/somNqgUHl2L2cstmXCCif0itOf96jeW18MBSyrLuNicYQVkvpOxkZtkzujiTJ9LW5Jw==}
    engines: {node: '>=10'}

  sucrase@3.35.1:
    resolution: {integrity: sha512-DhuTmvZWux4H1UOnWMB3sk0sbaCVOoQZjv8u1rDoTV0HTdGem9hkAZtl4JZy8P2z4Bg0nT+YMeOFyVr4zcG5Tw==}
    engines: {node: '>=16 || 14 >=14.17'}
    hasBin: true

  thenify-all@1.6.0:
    resolution: {integrity: sha512-RNxQH/qI8/t3thXJDwcstUO4zeqo64+Uy/+sNVRBx4Xn2OX+OZ9oP+iJnNFqplFra2ZUVeKCSa2oVWi3T4uVmA==}
    engines: {node: '>=0.8'}

  thenify@3.3.1:
    resolution: {integrity: sha512-RVZSIV5IG10Hk3enotrhvz0T9em6cyHBLkH/YAZuKqd8hRkKhSfCGIcP2KUY0EPxndzANBmNllzWPwak+bheSw==}

  tinycolor2@1.6.0:
    resolution: {integrity: sha512-XPaBkWQJdsf3pLKJV9p4qN/S+fm2Oj8AIPo1BTUhg5oxkvm9+SVEGFdhyOz7tTdUTfvxMiAs4sp6/eZO2Ew+pw==}

  tinyexec@0.3.2:
    resolution: {integrity: sha512-KQQR9yN7R5+OSwaK0XQoj22pwHoTlgYqmUscPYoknOoWCWfj/5/ABTMRi69FrKU5ffPVh5QcFikpWJI/P1ocHA==}

  tinyglobby@0.2.15:
    resolution: {integrity: sha512-j2Zq4NyQYG5XMST4cbs02Ak8iJUdxRM0XI5QyxXuZOzKOINmWurp3smXu3y5wDcJrptwpSjgXHzIQxR0omXljQ==}
    engines: {node: '>=12.0.0'}

  token-types@4.2.1:
    resolution: {integrity: sha512-6udB24Q737UD/SDsKAHI9FCRP7Bqc9D/MQUV02ORQg5iskjtLJlZJNdN4kKtcdtwCeWIwIHDGaUsTsCCAa8sFQ==}
    engines: {node: '>=10'}

  tree-kill@1.2.2:
    resolution: {integrity: sha512-L0Orpi8qGpRG//Nd+H90vFB+3iHnue1zSSGmNOOCh1GLJ7rUKVwV2HvijphGQS2UmhUZewS9VgvxYIdgr+fG1A==}
    hasBin: true

  ts-interface-checker@0.1.13:
    resolution: {integrity: sha512-Y/arvbn+rrz3JCKl9C4kVNfTfSm2/mEp5FSz5EsZSANGPSlQrpRI5M4PKF+mJnE52jOO90PnPSc3Ur3bTQw0gA==}

  tsup@8.5.1:
    resolution: {integrity: sha512-xtgkqwdhpKWr3tKPmCkvYmS9xnQK3m3XgxZHwSUjvfTjp7YfXe5tT3GgWi0F2N+ZSMsOeWeZFh7ZZFg5iPhing==}
    engines: {node: '>=18'}
    hasBin: true
    peerDependencies:
      '@microsoft/api-extractor': ^7.36.0
      '@swc/core': ^1
      postcss: ^8.4.12
      typescript: '>=4.5.0'
    peerDependenciesMeta:
      '@microsoft/api-extractor':
        optional: true
      '@swc/core':
        optional: true
      postcss:
        optional: true
      typescript:
        optional: true

  typescript@5.9.3:
    resolution: {integrity: sha512-jl1vZzPDinLr9eUt3J/t7V6FgNEw9QjvBPdysz9KfQDD41fQrC2Y4vKQdiaUpFT4bXlb1RHhLpp8wtm6M5TgSw==}
    engines: {node: '>=14.17'}
    hasBin: true

  ufo@1.6.3:
    resolution: {integrity: sha512-yDJTmhydvl5lJzBmy/hyOAA0d+aqCBuwl818haVdYCRrWV84o7YyeVm4QlVHStqNrrJSTb6jKuFAVqAFsr+K3Q==}

  utif2@4.1.0:
    resolution: {integrity: sha512-+oknB9FHrJ7oW7A2WZYajOcv4FcDR4CfoGB0dPNfxbi4GO05RRnFmt5oa23+9w32EanrYcSJWspUiJkLMs+37w==}

  xml-parse-from-string@1.0.1:
    resolution: {integrity: sha512-ErcKwJTF54uRzzNMXq2X5sMIy88zJvfN2DmdoQvy7PAFJ+tPRU6ydWuOKNMyfmOjdyBQTFREi60s0Y0SyI0G0g==}

  xml2js@0.5.0:
    resolution: {integrity: sha512-drPFnkQJik/O+uPKpqSgr22mpuFHqKdbS835iAQrUC73L2F5WkboIRd63ai/2Yg6I1jzifPFKH2NTK+cfglkIA==}
    engines: {node: '>=4.0.0'}

  xmlbuilder@11.0.1:
    resolution: {integrity: sha512-fDlsI/kFEx7gLvbecc0/ohLG50fugQp8ryHzMTuW9vSa1GJ0XYWKnhsUx7oie3G98+r56aTQIUB4kht42R3JvA==}
    engines: {node: '>=4.0'}

  zod@3.25.76:
    resolution: {integrity: sha512-gzUt/qt81nXsFGKIFcC3YnfEAx5NkunCfnDlvuBSSFS02bcXu4Lmea0AFIUwbLWxWPx3d9p8S5QoaujKcNQxcQ==}

snapshots:

  '@esbuild/aix-ppc64@0.27.4':
    optional: true

  '@esbuild/android-arm64@0.27.4':
    optional: true

  '@esbuild/android-arm@0.27.4':
    optional: true

  '@esbuild/android-x64@0.27.4':
    optional: true

  '@esbuild/darwin-arm64@0.27.4':
    optional: true

  '@esbuild/darwin-x64@0.27.4':
    optional: true

  '@esbuild/freebsd-arm64@0.27.4':
    optional: true

  '@esbuild/freebsd-x64@0.27.4':
    optional: true

  '@esbuild/linux-arm64@0.27.4':
    optional: true

  '@esbuild/linux-arm@0.27.4':
    optional: true

  '@esbuild/linux-ia32@0.27.4':
    optional: true

  '@esbuild/linux-loong64@0.27.4':
    optional: true

  '@esbuild/linux-mips64el@0.27.4':
    optional: true

  '@esbuild/linux-ppc64@0.27.4':
    optional: true

  '@esbuild/linux-riscv64@0.27.4':
    optional: true

  '@esbuild/linux-s390x@0.27.4':
    optional: true

  '@esbuild/linux-x64@0.27.4':
    optional: true

  '@esbuild/netbsd-arm64@0.27.4':
    optional: true

  '@esbuild/netbsd-x64@0.27.4':
    optional: true

  '@esbuild/openbsd-arm64@0.27.4':
    optional: true

  '@esbuild/openbsd-x64@0.27.4':
    optional: true

  '@esbuild/openharmony-arm64@0.27.4':
    optional: true

  '@esbuild/sunos-x64@0.27.4':
    optional: true

  '@esbuild/win32-arm64@0.27.4':
    optional: true

  '@esbuild/win32-ia32@0.27.4':
    optional: true

  '@esbuild/win32-x64@0.27.4':
    optional: true

  '@jimp/core@1.6.0':
    dependencies:
      '@jimp/file-ops': 1.6.0
      '@jimp/types': 1.6.0
      '@jimp/utils': 1.6.0
      await-to-js: 3.0.0
      exif-parser: 0.1.12
      file-type: 16.5.4
      mime: 3.0.0

  '@jimp/diff@1.6.0':
    dependencies:
      '@jimp/plugin-resize': 1.6.0
      '@jimp/types': 1.6.0
      '@jimp/utils': 1.6.0
      pixelmatch: 5.3.0

  '@jimp/file-ops@1.6.0': {}

  '@jimp/js-bmp@1.6.0':
    dependencies:
      '@jimp/core': 1.6.0
      '@jimp/types': 1.6.0
      '@jimp/utils': 1.6.0
      bmp-ts: 1.0.9

  '@jimp/js-gif@1.6.0':
    dependencies:
      '@jimp/core': 1.6.0
      '@jimp/types': 1.6.0
      gifwrap: 0.10.1
      omggif: 1.0.10

  '@jimp/js-jpeg@1.6.0':
    dependencies:
      '@jimp/core': 1.6.0
      '@jimp/types': 1.6.0
      jpeg-js: 0.4.4

  '@jimp/js-png@1.6.0':
    dependencies:
      '@jimp/core': 1.6.0
      '@jimp/types': 1.6.0
      pngjs: 7.0.0

  '@jimp/js-tiff@1.6.0':
    dependencies:
      '@jimp/core': 1.6.0
      '@jimp/types': 1.6.0
      utif2: 4.1.0

  '@jimp/plugin-blit@1.6.0':
    dependencies:
      '@jimp/types': 1.6.0
      '@jimp/utils': 1.6.0
      zod: 3.25.76

  '@jimp/plugin-blur@1.6.0':
    dependencies:
      '@jimp/core': 1.6.0
      '@jimp/utils': 1.6.0

  '@jimp/plugin-circle@1.6.0':
    dependencies:
      '@jimp/types': 1.6.0
      zod: 3.25.76

  '@jimp/plugin-color@1.6.0':
    dependencies:
      '@jimp/core': 1.6.0
      '@jimp/types': 1.6.0
      '@jimp/utils': 1.6.0
      tinycolor2: 1.6.0
      zod: 3.25.76

  '@jimp/plugin-contain@1.6.0':
    dependencies:
      '@jimp/core': 1.6.0
      '@jimp/plugin-blit': 1.6.0
      '@jimp/plugin-resize': 1.6.0
      '@jimp/types': 1.6.0
      '@jimp/utils': 1.6.0
      zod: 3.25.76

  '@jimp/plugin-cover@1.6.0':
    dependencies:
      '@jimp/core': 1.6.0
      '@jimp/plugin-crop': 1.6.0
      '@jimp/plugin-resize': 1.6.0
      '@jimp/types': 1.6.0
      zod: 3.25.76

  '@jimp/plugin-crop@1.6.0':
    dependencies:
      '@jimp/core': 1.6.0
      '@jimp/types': 1.6.0
      '@jimp/utils': 1.6.0
      zod: 3.25.76

  '@jimp/plugin-displace@1.6.0':
    dependencies:
      '@jimp/types': 1.6.0
      '@jimp/utils': 1.6.0
      zod: 3.25.76

  '@jimp/plugin-dither@1.6.0':
    dependencies:
      '@jimp/types': 1.6.0

  '@jimp/plugin-fisheye@1.6.0':
    dependencies:
      '@jimp/types': 1.6.0
      '@jimp/utils': 1.6.0
      zod: 3.25.76

  '@jimp/plugin-flip@1.6.0':
    dependencies:
      '@jimp/types': 1.6.0
      zod: 3.25.76

  '@jimp/plugin-hash@1.6.0':
    dependencies:
      '@jimp/core': 1.6.0
      '@jimp/js-bmp': 1.6.0
      '@jimp/js-jpeg': 1.6.0
      '@jimp/js-png': 1.6.0
      '@jimp/js-tiff': 1.6.0
      '@jimp/plugin-color': 1.6.0
      '@jimp/plugin-resize': 1.6.0
      '@jimp/types': 1.6.0
      '@jimp/utils': 1.6.0
      any-base: 1.1.0

  '@jimp/plugin-mask@1.6.0':
    dependencies:
      '@jimp/types': 1.6.0
      zod: 3.25.76

  '@jimp/plugin-print@1.6.0':
    dependencies:
      '@jimp/core': 1.6.0
      '@jimp/js-jpeg': 1.6.0
      '@jimp/js-png': 1.6.0
      '@jimp/plugin-blit': 1.6.0
      '@jimp/types': 1.6.0
      parse-bmfont-ascii: 1.0.6
      parse-bmfont-binary: 1.0.6
      parse-bmfont-xml: 1.1.6
      simple-xml-to-json: 1.2.4
      zod: 3.25.76

  '@jimp/plugin-quantize@1.6.0':
    dependencies:
      image-q: 4.0.0
      zod: 3.25.76

  '@jimp/plugin-resize@1.6.0':
    dependencies:
      '@jimp/core': 1.6.0
      '@jimp/types': 1.6.0
      zod: 3.25.76

  '@jimp/plugin-rotate@1.6.0':
    dependencies:
      '@jimp/core': 1.6.0
      '@jimp/plugin-crop': 1.6.0
      '@jimp/plugin-resize': 1.6.0
      '@jimp/types': 1.6.0
      '@jimp/utils': 1.6.0
      zod: 3.25.76

  '@jimp/plugin-threshold@1.6.0':
    dependencies:
      '@jimp/core': 1.6.0
      '@jimp/plugin-color': 1.6.0
      '@jimp/plugin-hash': 1.6.0
      '@jimp/types': 1.6.0
      '@jimp/utils': 1.6.0
      zod: 3.25.76

  '@jimp/types@1.6.0':
    dependencies:
      zod: 3.25.76

  '@jimp/utils@1.6.0':
    dependencies:
      '@jimp/types': 1.6.0
      tinycolor2: 1.6.0

  '@jridgewell/gen-mapping@0.3.13':
    dependencies:
      '@jridgewell/sourcemap-codec': 1.5.5
      '@jridgewell/trace-mapping': 0.3.31

  '@jridgewell/resolve-uri@3.1.2': {}

  '@jridgewell/sourcemap-codec@1.5.5': {}

  '@jridgewell/trace-mapping@0.3.31':
    dependencies:
      '@jridgewell/resolve-uri': 3.1.2
      '@jridgewell/sourcemap-codec': 1.5.5

  '@publint/pack@0.1.4': {}

  '@rollup/rollup-android-arm-eabi@4.60.0':
    optional: true

  '@rollup/rollup-android-arm64@4.60.0':
    optional: true

  '@rollup/rollup-darwin-arm64@4.60.0':
    optional: true

  '@rollup/rollup-darwin-x64@4.60.0':
    optional: true

  '@rollup/rollup-freebsd-arm64@4.60.0':
    optional: true

  '@rollup/rollup-freebsd-x64@4.60.0':
    optional: true

  '@rollup/rollup-linux-arm-gnueabihf@4.60.0':
    optional: true

  '@rollup/rollup-linux-arm-musleabihf@4.60.0':
    optional: true

  '@rollup/rollup-linux-arm64-gnu@4.60.0':
    optional: true

  '@rollup/rollup-linux-arm64-musl@4.60.0':
    optional: true

  '@rollup/rollup-linux-loong64-gnu@4.60.0':
    optional: true

  '@rollup/rollup-linux-loong64-musl@4.60.0':
    optional: true

  '@rollup/rollup-linux-ppc64-gnu@4.60.0':
    optional: true

  '@rollup/rollup-linux-ppc64-musl@4.60.0':
    optional: true

  '@rollup/rollup-linux-riscv64-gnu@4.60.0':
    optional: true

  '@rollup/rollup-linux-riscv64-musl@4.60.0':
    optional: true

  '@rollup/rollup-linux-s390x-gnu@4.60.0':
    optional: true

  '@rollup/rollup-linux-x64-gnu@4.60.0':
    optional: true

  '@rollup/rollup-linux-x64-musl@4.60.0':
    optional: true

  '@rollup/rollup-openbsd-x64@4.60.0':
    optional: true

  '@rollup/rollup-openharmony-arm64@4.60.0':
    optional: true

  '@rollup/rollup-win32-arm64-msvc@4.60.0':
    optional: true

  '@rollup/rollup-win32-ia32-msvc@4.60.0':
    optional: true

  '@rollup/rollup-win32-x64-gnu@4.60.0':
    optional: true

  '@rollup/rollup-win32-x64-msvc@4.60.0':
    optional: true

  '@tokenizer/token@0.3.0': {}

  '@types/estree@1.0.8': {}

  '@types/node@16.9.1': {}

  abort-controller@3.0.0:
    dependencies:
      event-target-shim: 5.0.1

  acorn@8.16.0: {}

  any-base@1.1.0: {}

  any-promise@1.3.0: {}

  await-to-js@3.0.0: {}

  base64-js@1.5.1: {}

  bmp-ts@1.0.9: {}

  buffer@6.0.3:
    dependencies:
      base64-js: 1.5.1
      ieee754: 1.2.1

  bundle-require@5.1.0(esbuild@0.27.4):
    dependencies:
      esbuild: 0.27.4
      load-tsconfig: 0.2.5

  cac@6.7.14: {}

  chokidar@4.0.3:
    dependencies:
      readdirp: 4.1.2

  commander@4.1.1: {}

  confbox@0.1.8: {}

  consola@3.4.2: {}

  debug@4.4.3:
    dependencies:
      ms: 2.1.3

  esbuild@0.27.4:
    optionalDependencies:
      '@esbuild/aix-ppc64': 0.27.4
      '@esbuild/android-arm': 0.27.4
      '@esbuild/android-arm64': 0.27.4
      '@esbuild/android-x64': 0.27.4
      '@esbuild/darwin-arm64': 0.27.4
      '@esbuild/darwin-x64': 0.27.4
      '@esbuild/freebsd-arm64': 0.27.4
      '@esbuild/freebsd-x64': 0.27.4
      '@esbuild/linux-arm': 0.27.4
      '@esbuild/linux-arm64': 0.27.4
      '@esbuild/linux-ia32': 0.27.4
      '@esbuild/linux-loong64': 0.27.4
      '@esbuild/linux-mips64el': 0.27.4
      '@esbuild/linux-ppc64': 0.27.4
      '@esbuild/linux-riscv64': 0.27.4
      '@esbuild/linux-s390x': 0.27.4
      '@esbuild/linux-x64': 0.27.4
      '@esbuild/netbsd-arm64': 0.27.4
      '@esbuild/netbsd-x64': 0.27.4
      '@esbuild/openbsd-arm64': 0.27.4
      '@esbuild/openbsd-x64': 0.27.4
      '@esbuild/openharmony-arm64': 0.27.4
      '@esbuild/sunos-x64': 0.27.4
      '@esbuild/win32-arm64': 0.27.4
      '@esbuild/win32-ia32': 0.27.4
      '@esbuild/win32-x64': 0.27.4

  event-target-shim@5.0.1: {}

  events@3.3.0: {}

  exif-parser@0.1.12: {}

  fdir@6.5.0(picomatch@4.0.4):
    optionalDependencies:
      picomatch: 4.0.4

  file-type@16.5.4:
    dependencies:
      readable-web-to-node-stream: 3.0.4
      strtok3: 6.3.0
      token-types: 4.2.1

  fix-dts-default-cjs-exports@1.0.1:
    dependencies:
      magic-string: 0.30.21
      mlly: 1.8.2
      rollup: 4.60.0

  fsevents@2.3.3:
    optional: true

  gifwrap@0.10.1:
    dependencies:
      image-q: 4.0.0
      omggif: 1.0.10

  ieee754@1.2.1: {}

  image-q@4.0.0:
    dependencies:
      '@types/node': 16.9.1

  jimp@1.6.0:
    dependencies:
      '@jimp/core': 1.6.0
      '@jimp/diff': 1.6.0
      '@jimp/js-bmp': 1.6.0
      '@jimp/js-gif': 1.6.0
      '@jimp/js-jpeg': 1.6.0
      '@jimp/js-png': 1.6.0
      '@jimp/js-tiff': 1.6.0
      '@jimp/plugin-blit': 1.6.0
      '@jimp/plugin-blur': 1.6.0
      '@jimp/plugin-circle': 1.6.0
      '@jimp/plugin-color': 1.6.0
      '@jimp/plugin-contain': 1.6.0
      '@jimp/plugin-cover': 1.6.0
      '@jimp/plugin-crop': 1.6.0
      '@jimp/plugin-displace': 1.6.0
      '@jimp/plugin-dither': 1.6.0
      '@jimp/plugin-fisheye': 1.6.0
      '@jimp/plugin-flip': 1.6.0
      '@jimp/plugin-hash': 1.6.0
      '@jimp/plugin-mask': 1.6.0
      '@jimp/plugin-print': 1.6.0
      '@jimp/plugin-quantize': 1.6.0
      '@jimp/plugin-resize': 1.6.0
      '@jimp/plugin-rotate': 1.6.0
      '@jimp/plugin-threshold': 1.6.0
      '@jimp/types': 1.6.0
      '@jimp/utils': 1.6.0

  joycon@3.1.1: {}

  jpeg-js@0.4.4: {}

  lilconfig@3.1.3: {}

  lines-and-columns@1.2.4: {}

  load-tsconfig@0.2.5: {}

  magic-string@0.30.21:
    dependencies:
      '@jridgewell/sourcemap-codec': 1.5.5

  mime@3.0.0: {}

  mlly@1.8.2:
    dependencies:
      acorn: 8.16.0
      pathe: 2.0.3
      pkg-types: 1.3.1
      ufo: 1.6.3

  mri@1.2.0: {}

  ms@2.1.3: {}

  mz@2.7.0:
    dependencies:
      any-promise: 1.3.0
      object-assign: 4.1.1
      thenify-all: 1.6.0

  object-assign@4.1.1: {}

  omggif@1.0.10: {}

  package-manager-detector@1.6.0: {}

  pako@1.0.11: {}

  parse-bmfont-ascii@1.0.6: {}

  parse-bmfont-binary@1.0.6: {}

  parse-bmfont-xml@1.1.6:
    dependencies:
      xml-parse-from-string: 1.0.1
      xml2js: 0.5.0

  pathe@2.0.3: {}

  peek-readable@4.1.0: {}

  picocolors@1.1.1: {}

  picomatch@4.0.4: {}

  pirates@4.0.7: {}

  pixelmatch@5.3.0:
    dependencies:
      pngjs: 6.0.0

  pkg-types@1.3.1:
    dependencies:
      confbox: 0.1.8
      mlly: 1.8.2
      pathe: 2.0.3

  pngjs@6.0.0: {}

  pngjs@7.0.0: {}

  postcss-load-config@6.0.1:
    dependencies:
      lilconfig: 3.1.3

  process@0.11.10: {}

  publint@0.3.18:
    dependencies:
      '@publint/pack': 0.1.4
      package-manager-detector: 1.6.0
      picocolors: 1.1.1
      sade: 1.8.1

  readable-stream@4.7.0:
    dependencies:
      abort-controller: 3.0.0
      buffer: 6.0.3
      events: 3.3.0
      process: 0.11.10
      string_decoder: 1.3.0

  readable-web-to-node-stream@3.0.4:
    dependencies:
      readable-stream: 4.7.0

  readdirp@4.1.2: {}

  resolve-from@5.0.0: {}

  rollup@4.60.0:
    dependencies:
      '@types/estree': 1.0.8
    optionalDependencies:
      '@rollup/rollup-android-arm-eabi': 4.60.0
      '@rollup/rollup-android-arm64': 4.60.0
      '@rollup/rollup-darwin-arm64': 4.60.0
      '@rollup/rollup-darwin-x64': 4.60.0
      '@rollup/rollup-freebsd-arm64': 4.60.0
      '@rollup/rollup-freebsd-x64': 4.60.0
      '@rollup/rollup-linux-arm-gnueabihf': 4.60.0
      '@rollup/rollup-linux-arm-musleabihf': 4.60.0
      '@rollup/rollup-linux-arm64-gnu': 4.60.0
      '@rollup/rollup-linux-arm64-musl': 4.60.0
      '@rollup/rollup-linux-loong64-gnu': 4.60.0
      '@rollup/rollup-linux-loong64-musl': 4.60.0
      '@rollup/rollup-linux-ppc64-gnu': 4.60.0
      '@rollup/rollup-linux-ppc64-musl': 4.60.0
      '@rollup/rollup-linux-riscv64-gnu': 4.60.0
      '@rollup/rollup-linux-riscv64-musl': 4.60.0
      '@rollup/rollup-linux-s390x-gnu': 4.60.0
      '@rollup/rollup-linux-x64-gnu': 4.60.0
      '@rollup/rollup-linux-x64-musl': 4.60.0
      '@rollup/rollup-openbsd-x64': 4.60.0
      '@rollup/rollup-openharmony-arm64': 4.60.0
      '@rollup/rollup-win32-arm64-msvc': 4.60.0
      '@rollup/rollup-win32-ia32-msvc': 4.60.0
      '@rollup/rollup-win32-x64-gnu': 4.60.0
      '@rollup/rollup-win32-x64-msvc': 4.60.0
      fsevents: 2.3.3

  sade@1.8.1:
    dependencies:
      mri: 1.2.0

  safe-buffer@5.2.1: {}

  sax@1.6.0: {}

  simple-xml-to-json@1.2.4: {}

  source-map@0.7.6: {}

  string_decoder@1.3.0:
    dependencies:
      safe-buffer: 5.2.1

  strtok3@6.3.0:
    dependencies:
      '@tokenizer/token': 0.3.0
      peek-readable: 4.1.0

  sucrase@3.35.1:
    dependencies:
      '@jridgewell/gen-mapping': 0.3.13
      commander: 4.1.1
      lines-and-columns: 1.2.4
      mz: 2.7.0
      pirates: 4.0.7
      tinyglobby: 0.2.15
      ts-interface-checker: 0.1.13

  thenify-all@1.6.0:
    dependencies:
      thenify: 3.3.1

  thenify@3.3.1:
    dependencies:
      any-promise: 1.3.0

  tinycolor2@1.6.0: {}

  tinyexec@0.3.2: {}

  tinyglobby@0.2.15:
    dependencies:
      fdir: 6.5.0(picomatch@4.0.4)
      picomatch: 4.0.4

  token-types@4.2.1:
    dependencies:
      '@tokenizer/token': 0.3.0
      ieee754: 1.2.1

  tree-kill@1.2.2: {}

  ts-interface-checker@0.1.13: {}

  tsup@8.5.1(typescript@5.9.3):
    dependencies:
      bundle-require: 5.1.0(esbuild@0.27.4)
      cac: 6.7.14
      chokidar: 4.0.3
      consola: 3.4.2
      debug: 4.4.3
      esbuild: 0.27.4
      fix-dts-default-cjs-exports: 1.0.1
      joycon: 3.1.1
      picocolors: 1.1.1
      postcss-load-config: 6.0.1
      resolve-from: 5.0.0
      rollup: 4.60.0
      source-map: 0.7.6
      sucrase: 3.35.1
      tinyexec: 0.3.2
      tinyglobby: 0.2.15
      tree-kill: 1.2.2
    optionalDependencies:
      typescript: 5.9.3
    transitivePeerDependencies:
      - jiti
      - supports-color
      - tsx
      - yaml

  typescript@5.9.3: {}

  ufo@1.6.3: {}

  utif2@4.1.0:
    dependencies:
      pako: 1.0.11

  xml-parse-from-string@1.0.1: {}

  xml2js@0.5.0:
    dependencies:
      sax: 1.6.0
      xmlbuilder: 11.0.1

  xmlbuilder@11.0.1: {}

  zod@3.25.76: {}
